// !$*UTF8*$!
{
	archiveVersion = 1;
	classes = {
	};
	objectVersion = 50;
	objects = {

/* Begin PBXBuildFile section */
		7A4CCD5526A9830800D6331C /* AppDelegate.swift in Sources */ = {isa = PBXBuildFile; fileRef = 7A4CCD5426A9830800D6331C /* AppDelegate.swift */; };
		7A4CCD5726A9830800D6331C /* SceneDelegate.swift in Sources */ = {isa = PBXBuildFile; fileRef = 7A4CCD5626A9830800D6331C /* SceneDelegate.swift */; };
		7A4CCD5926A9830800D6331C /* ViewController.swift in Sources */ = {isa = PBXBuildFile; fileRef = 7A4CCD5826A9830800D6331C /* ViewController.swift */; };
		7A4CCD5C26A9830800D6331C /* Main.storyboard in Resources */ = {isa = PBXBuildFile; fileRef = 7A4CCD5A26A9830800D6331C /* Main.storyboard */; };
		7A4CCD5E26A9830A00D6331C /* Assets.xcassets in Resources */ = {isa = PBXBuildFile; fileRef = 7A4CCD5D26A9830A00D6331C /* Assets.xcassets */; };
		7A4CCD6126A9830A00D6331C /* LaunchScreen.storyboard in Resources */ = {isa = PBXBuildFile; fileRef = 7A4CCD5F26A9830A00D6331C /* LaunchScreen.storyboard */; };
		7A4CCD6C26A9830A00D6331C /* FoodKitchenTests.swift in Sources */ = {isa = PBXBuildFile; fileRef = 7A4CCD6B26A9830A00D6331C /* FoodKitchenTests.swift */; };
		7A4CCD7726A9830A00D6331C /* FoodKitchenUITests.swift in Sources */ = {isa = PBXBuildFile; fileRef = 7A4CCD7626A9830A00D6331C /* FoodKitchenUITests.swift */; };
/* End PBXBuildFile section */

/* Begin PBXContainerItemProxy section */
		7A4CCD6826A9830A00D6331C /* PBXContainerItemProxy */ = {
			isa = PBXContainerItemProxy;
			containerPortal = 7A4CCD4926A9830800D6331C /* Project object */;
			proxyType = 1;
			remoteGlobalIDString = 7A4CCD5026A9830800D6331C;
			remoteInfo = FoodKitchen;
		};
		7A4CCD7326A9830A00D6331C /* PBXContainerItemProxy */ = {
			isa = PBXContainerItemProxy;
			containerPortal = 7A4CCD4926A9830800D6331C /* Project object */;
			proxyType = 1;
			remoteGlobalIDString = 7A4CCD5026A9830800D6331C;
			remoteInfo = FoodKitchen;
		};
/* End PBXContainerItemProxy section */

/* Begin PBXFileReference section */
		7A4CCD5126A9830800D6331C /* FoodKitchen.app */ = {isa = PBXFileReference; explicitFileType = wrapper.application; includeInIndex = 0; path = FoodKitchen.app; sourceTree = BUILT_PRODUCTS_DIR; };
		7A4CCD5426A9830800D6331C /* AppDelegate.swift */ = {isa = PBXFileReference; lastKnownFileType = sourcecode.swift; path = AppDelegate.swift; sourceTree = "<group>"; };
		7A4CCD5626A9830800D6331C /* SceneDelegate.swift */ = {isa = PBXFileReference; lastKnownFileType = sourcecode.swift; path = SceneDelegate.swift; sourceTree = "<group>"; };
		7A4CCD5826A9830800D6331C /* ViewController.swift */ = {isa = PBXFileReference; lastKnownFileType = sourcecode.swift; path = ViewController.swift; sourceTree = "<group>"; };
		7A4CCD5B26A9830800D6331C /* Base */ = {isa = PBXFileReference; lastKnownFileType = file.storyboard; name = Base; path = Base.lproj/Main.storyboard; sourceTree = "<group>"; };
		7A4CCD5D26A9830A00D6331C /* Assets.xcassets */ = {isa = PBXFileReference; lastKnownFileType = folder.assetcatalog; path = Assets.xcassets; sourceTree = "<group>"; };
		7A4CCD6026A9830A00D6331C /* Base */ = {isa = PBXFileReference; lastKnownFileType = file.storyboard; name = Base; path = Base.lproj/LaunchScreen.storyboard; sourceTree = "<group>"; };
		7A4CCD6226A9830A00D6331C /* Info.plist */ = {isa = PBXFileReference; lastKnownFileType = text.plist.xml; path = Info.plist; sourceTree = "<group>"; };
		7A4CCD6726A9830A00D6331C /* FoodKitchenTests.xctest */ = {isa = PBXFileReference; explicitFileType = wrapper.cfbundle; includeInIndex = 0; path = FoodKitchenTests.xctest; sourceTree = BUILT_PRODUCTS_DIR; };
		7A4CCD6B26A9830A00D6331C /* FoodKitchenTests.swift */ = {isa = PBXFileReference; lastKnownFileType = sourcecode.swift; path = FoodKitchenTests.swift; sourceTree = "<group>"; };
		7A4CCD6D26A9830A00D6331C /* Info.plist */ = {isa = PBXFileReference; lastKnownFileType = text.plist.xml; path = Info.plist; sourceTree = "<group>"; };
		7A4CCD7226A9830A00D6331C /* FoodKitchenUITests.xctest */ = {isa = PBXFileReference; explicitFileType = wrapper.cfbundle; includeInIndex = 0; path = FoodKitchenUITests.xctest; sourceTree = BUILT_PRODUCTS_DIR; };
		7A4CCD7626A9830A00D6331C /* FoodKitchenUITests.swift */ = {isa = PBXFileReference; lastKnownFileType = sourcecode.swift; path = FoodKitchenUITests.swift; sourceTree = "<group>"; };
		7A4CCD7826A9830A00D6331C /* Info.plist */ = {isa = PBXFileReference; lastKnownFileType = text.plist.xml; path = Info.plist; sourceTree = "<group>"; };
/* End PBXFileReference section */

/* Begin PBXFrameworksBuildPhase section */
		7A4CCD4E26A9830800D6331C /* Frameworks */ = {
			isa = PBXFrameworksBuildPhase;
			buildActionMask = 2147483647;
			files = (
			);
			runOnlyForDeploymentPostprocessing = 0;
		};
		7A4CCD6426A9830A00D6331C /* Frameworks */ = {
			isa = PBXFrameworksBuildPhase;
			buildActionMask = 2147483647;
			files = (
			);
			runOnlyForDeploymentPostprocessing = 0;
		};
		7A4CCD6F26A9830A00D6331C /* Frameworks */ = {
			isa = PBXFrameworksBuildPhase;
			buildActionMask = 2147483647;
			files = (
			);
			runOnlyForDeploymentPostprocessing = 0;
		};
/* End PBXFrameworksBuildPhase section */

/* Begin PBXGroup section */
		7A4CCD4826A9830800D6331C = {
			isa = PBXGroup;
			children = (
				7A4CCD5326A9830800D6331C /* FoodKitchen */,
				7A4CCD6A26A9830A00D6331C /* FoodKitchenTests */,
				7A4CCD7526A9830A00D6331C /* FoodKitchenUITests */,
				7A4CCD5226A9830800D6331C /* Products */,
			);
			sourceTree = "<group>";
		};
		7A4CCD5226A9830800D6331C /* Products */ = {
			isa = PBXGroup;
			children = (
				7A4CCD5126A9830800D6331C /* FoodKitchen.app */,
				7A4CCD6726A9830A00D6331C /* FoodKitchenTests.xctest */,
				7A4CCD7226A9830A00D6331C /* FoodKitchenUITests.xctest */,
			);
			name = Products;
			sourceTree = "<group>";
		};
		7A4CCD5326A9830800D6331C /* FoodKitchen */ = {
			isa = PBXGroup;
			children = (
				7A4CCD5426A9830800D6331C /* AppDelegate.swift */,
				7A4CCD5626A9830800D6331C /* SceneDelegate.swift */,
				7A4CCD5826A9830800D6331C /* ViewController.swift */,
				7A4CCD5A26A9830800D6331C /* Main.storyboard */,
				7A4CCD5D26A9830A00D6331C /* Assets.xcassets */,
				7A4CCD5F26A9830A00D6331C /* LaunchScreen.storyboard */,
				7A4CCD6226A9830A00D6331C /* Info.plist */,
			);
			path = FoodKitchen;
			sourceTree = "<group>";
		};
		7A4CCD6A26A9830A00D6331C /* FoodKitchenTests */ = {
			isa = PBXGroup;
			children = (
				7A4CCD6B26A9830A00D6331C /* FoodKitchenTests.swift */,
				7A4CCD6D26A9830A00D6331C /* Info.plist */,
			);
			path = FoodKitchenTests;
			sourceTree = "<group>";
		};
		7A4CCD7526A9830A00D6331C /* FoodKitchenUITests */ = {
			isa = PBXGroup;
			children = (
				7A4CCD7626A9830A00D6331C /* FoodKitchenUITests.swift */,
				7A4CCD7826A9830A00D6331C /* Info.plist */,
			);
			path = FoodKitchenUITests;
			sourceTree = "<group>";
		};
/* End PBXGroup section */

/* Begin PBXNativeTarget section */
		7A4CCD5026A9830800D6331C /* FoodKitchen */ = {
			isa = PBXNativeTarget;
			buildConfigurationList = 7A4CCD7B26A9830A00D6331C /* Build configuration list for PBXNativeTarget "FoodKitchen" */;
			buildPhases = (
				7A4CCD4D26A9830800D6331C /* Sources */,
				7A4CCD4E26A9830800D6331C /* Frameworks */,
				7A4CCD4F26A9830800D6331C /* Resources */,
			);
			buildRules = (
			);
			dependencies = (
			);
			name = FoodKitchen;
			productName = FoodKitchen;
			productReference = 7A4CCD5126A9830800D6331C /* FoodKitchen.app */;
			productType = "com.apple.product-type.application";
		};
		7A4CCD6626A9830A00D6331C /* FoodKitchenTests */ = {
			isa = PBXNativeTarget;
			buildConfigurationList = 7A4CCD7E26A9830A00D6331C /* Build configuration list for PBXNativeTarget "FoodKitchenTests" */;
			buildPhases = (
				7A4CCD6326A9830A00D6331C /* Sources */,
				7A4CCD6426A9830A00D6331C /* Frameworks */,
				7A4CCD6526A9830A00D6331C /* Resources */,
			);
			buildRules = (
			);
			dependencies = (
				7A4CCD6926A9830A00D6331C /* PBXTargetDependency */,
			);
			name = FoodKitchenTests;
			productName = FoodKitchenTests;
			productReference = 7A4CCD6726A9830A00D6331C /* FoodKitchenTests.xctest */;
			productType = "com.apple.product-type.bundle.unit-test";
		};
		7A4CCD7126A9830A00D6331C /* FoodKitchenUITests */ = {
			isa = PBXNativeTarget;
			buildConfigurationList = 7A4CCD8126A9830A00D6331C /* Build configuration list for PBXNativeTarget "FoodKitchenUITests" */;
			buildPhases = (
				7A4CCD6E26A9830A00D6331C /* Sources */,
				7A4CCD6F26A9830A00D6331C /* Frameworks */,
				7A4CCD7026A9830A00D6331C /* Resources */,
			);
			buildRules = (
			);
			dependencies = (
				7A4CCD7426A9830A00D6331C /* PBXTargetDependency */,
			);
			name = FoodKitchenUITests;
			productName = FoodKitchenUITests;
			productReference = 7A4CCD7226A9830A00D6331C /* FoodKitchenUITests.xctest */;
			productType = "com.apple.product-type.bundle.ui-testing";
		};
/* End PBXNativeTarget section */

/* Begin PBXProject section */
		7A4CCD4926A9830800D6331C /* Project object */ = {
			isa = PBXProject;
			attributes = {
				LastSwiftUpdateCheck = 1250;
				LastUpgradeCheck = 1250;
				TargetAttributes = {
					7A4CCD5026A9830800D6331C = {
						CreatedOnToolsVersion = 12.5;
					};
					7A4CCD6626A9830A00D6331C = {
						CreatedOnToolsVersion = 12.5;
						TestTargetID = 7A4CCD5026A9830800D6331C;
					};
					7A4CCD7126A9830A00D6331C = {
						CreatedOnToolsVersion = 12.5;
						TestTargetID = 7A4CCD5026A9830800D6331C;
					};
				};
			};
			buildConfigurationList = 7A4CCD4C26A9830800D6331C /* Build configuration list for PBXProject "FoodKitchen" */;
			compatibilityVersion = "Xcode 9.3";
			developmentRegion = en;
			hasScannedForEncodings = 0;
			knownRegions = (
				en,
				Base,
			);
			mainGroup = 7A4CCD4826A9830800D6331C;
			productRefGroup = 7A4CCD5226A9830800D6331C /* Products */;
			projectDirPath = "";
			projectRoot = "";
			targets = (
				7A4CCD5026A9830800D6331C /* FoodKitchen */,
				7A4CCD6626A9830A00D6331C /* FoodKitchenTests */,
				7A4CCD7126A9830A00D6331C /* FoodKitchenUITests */,
			);
		};
/* End PBXProject section */

/* Begin PBXResourcesBuildPhase section */
		7A4CCD4F26A9830800D6331C /* Resources */ = {
			isa = PBXResourcesBuildPhase;
			buildActionMask = 2147483647;
			files = (
				7A4CCD6126A9830A00D6331C /* LaunchScreen.storyboard in Resources */,
				7A4CCD5E26A9830A00D6331C /* Assets.xcassets in Resources */,
				7A4CCD5C26A9830800D6331C /* Main.storyboard in Resources */,
			);
			runOnlyForDeploymentPostprocessing = 0;
		};
		7A4CCD6526A9830A00D6331C /* Resources */ = {
			isa = PBXResourcesBuildPhase;
			buildActionMask = 2147483647;
			files = (
			);
			runOnlyForDeploymentPostprocessing = 0;
		};
		7A4CCD7026A9830A00D6331C /* Resources */ = {
			isa = PBXResourcesBuildPhase;
			buildActionMask = 2147483647;
			files = (
			);
			runOnlyForDeploymentPostprocessing = 0;
		};
/* End PBXResourcesBuildPhase section */

/* Begin PBXSourcesBuildPhase section */
		7A4CCD4D26A9830800D6331C /* Sources */ = {
			isa = PBXSourcesBuildPhase;
			buildActionMask = 2147483647;
			files = (
				7A4CCD5926A9830800D6331C /* ViewController.swift in Sources */,
				7A4CCD5526A9830800D6331C /* AppDelegate.swift in Sources */,
				7A4CCD5726A9830800D6331C /* SceneDelegate.swift in Sources */,
			);
			runOnlyForDeploymentPostprocessing = 0;
		};
		7A4CCD6326A9830A00D6331C /* Sources */ = {
			isa = PBXSourcesBuildPhase;
			buildActionMask = 2147483647;
			files = (
				7A4CCD6C26A9830A00D6331C /* FoodKitchenTests.swift in Sources */,
			);
			runOnlyForDeploymentPostprocessing = 0;
		};
		7A4CCD6E26A9830A00D6331C /* Sources */ = {
			isa = PBXSourcesBuildPhase;
			buildActionMask = 2147483647;
			files = (
				7A4CCD7726A9830A00D6331C /* FoodKitchenUITests.swift in Sources */,
			);
			runOnlyForDeploymentPostprocessing = 0;
		};
/* End PBXSourcesBuildPhase section */

/* Begin PBXTargetDependency section */
		7A4CCD6926A9830A00D6331C /* PBXTargetDependency */ = {
			isa = PBXTargetDependency;
			target = 7A4CCD5026A9830800D6331C /* FoodKitchen */;
			targetProxy = 7A4CCD6826A9830A00D6331C /* PBXContainerItemProxy */;
		};
		7A4CCD7426A9830A00D6331C /* PBXTargetDependency */ = {
			isa = PBXTargetDependency;
			target = 7A4CCD5026A9830800D6331C /* FoodKitchen */;
			targetProxy = 7A4CCD7326A9830A00D6331C /* PBXContainerItemProxy */;
		};
/* End PBXTargetDependency section */

/* Begin PBXVariantGroup section */
		7A4CCD5A26A9830800D6331C /* Main.storyboard */ = {
			isa = PBXVariantGroup;
			children = (
				7A4CCD5B26A9830800D6331C /* Base */,
			);
			name = Main.storyboard;
			sourceTree = "<group>";
		};
		7A4CCD5F26A9830A00D6331C /* LaunchScreen.storyboard */ = {
			isa = PBXVariantGroup;
			children = (
				7A4CCD6026A9830A00D6331C /* Base */,
			);
			name = LaunchScreen.storyboard;
			sourceTree = "<group>";
		};
/* End PBXVariantGroup section */

/* Begin XCBuildConfiguration section */
		7A4CCD7926A9830A00D6331C /* Debug */ = {
			isa = XCBuildConfiguration;
			buildSettings = {
				ALWAYS_SEARCH_USER_PATHS = NO;
				CLANG_ANALYZER_NONNULL = YES;
				CLANG_ANALYZER_NUMBER_OBJECT_CONVERSION = YES_AGGRESSIVE;
				CLANG_CXX_LANGUAGE_STANDARD = "gnu++14";
				CLANG_CXX_LIBRARY = "libc++";
				CLANG_ENABLE_MODULES = YES;
				CLANG_ENABLE_OBJC_ARC = YES;
				CLANG_ENABLE_OBJC_WEAK = YES;
				CLANG_WARN_BLOCK_CAPTURE_AUTORELEASING = YES;
				CLANG_WARN_BOOL_CONVERSION = YES;
				CLANG_WARN_COMMA = YES;
				CLANG_WARN_CONSTANT_CONVERSION = YES;
				CLANG_WARN_DEPRECATED_OBJC_IMPLEMENTATIONS = YES;
				CLANG_WARN_DIRECT_OBJC_ISA_USAGE = YES_ERROR;
				CLANG_WARN_DOCUMENTATION_COMMENTS = YES;
				CLANG_WARN_EMPTY_BODY = YES;
				CLANG_WARN_ENUM_CONVERSION = YES;
				CLANG_WARN_INFINITE_RECURSION = YES;
				CLANG_WARN_INT_CONVERSION = YES;
				CLANG_WARN_NON_LITERAL_NULL_CONVERSION = YES;
				CLANG_WARN_OBJC_IMPLICIT_RETAIN_SELF = YES;
				CLANG_WARN_OBJC_LITERAL_CONVERSION = YES;
				CLANG_WARN_OBJC_ROOT_CLASS = YES_ERROR;
				CLANG_WARN_QUOTED_INCLUDE_IN_FRAMEWORK_HEADER = YES;
				CLANG_WARN_RANGE_LOOP_ANALYSIS = YES;
				CLANG_WARN_STRICT_PROTOTYPES = YES;
				CLANG_WARN_SUSPICIOUS_MOVE = YES;
				CLANG_WARN_UNGUARDED_AVAILABILITY = YES_AGGRESSIVE;
				CLANG_WARN_UNREACHABLE_CODE = YES;
				CLANG_WARN__DUPLICATE_METHOD_MATCH = YES;
				COPY_PHASE_STRIP = NO;
				DEBUG_INFORMATION_FORMAT = dwarf;
				ENABLE_STRICT_OBJC_MSGSEND = YES;
				ENABLE_TESTABILITY = YES;
				GCC_C_LANGUAGE_STANDARD = gnu11;
				GCC_DYNAMIC_NO_PIC = NO;
				GCC_NO_COMMON_BLOCKS = YES;
				GCC_OPTIMIZATION_LEVEL = 0;
				GCC_PREPROCESSOR_DEFINITIONS = (
					"DEBUG=1",
					"$(inherited)",
				);
				GCC_WARN_64_TO_32_BIT_CONVERSION = YES;
				GCC_WARN_ABOUT_RETURN_TYPE = YES_ERROR;
				GCC_WARN_UNDECLARED_SELECTOR = YES;
				GCC_WARN_UNINITIALIZED_AUTOS = YES_AGGRESSIVE;
				GCC_WARN_UNUSED_FUNCTION = YES;
				GCC_WARN_UNUSED_VARIABLE = YES;
				IPHONEOS_DEPLOYMENT_TARGET = 14.5;
				MTL_ENABLE_DEBUG_INFO = INCLUDE_SOURCE;
				MTL_FAST_MATH = YES;
				ONLY_ACTIVE_ARCH = YES;
				SDKROOT = iphoneos;
				SWIFT_ACTIVE_COMPILATION_CONDITIONS = DEBUG;
				SWIFT_OPTIMIZATION_LEVEL = "-Onone";
			};
			name = Debug;
		};
		7A4CCD7A26A9830A00D6331C /* Release */ = {
			isa = XCBuildConfiguration;
			buildSettings = {
				ALWAYS_SEARCH_USER_PATHS = NO;
				CLANG_ANALYZER_NONNULL = YES;
				CLANG_ANALYZER_NUMBER_OBJECT_CONVERSION = YES_AGGRESSIVE;
				CLANG_CXX_LANGUAGE_STANDARD = "gnu++14";
				CLANG_CXX_LIBRARY = "libc++";
				CLANG_ENABLE_MODULES = YES;
				CLANG_ENABLE_OBJC_ARC = YES;
				CLANG_ENABLE_OBJC_WEAK = YES;
				CLANG_WARN_BLOCK_CAPTURE_AUTORELEASING = YES;
				CLANG_WARN_BOOL_CONVERSION = YES;
				CLANG_WARN_COMMA = YES;
				CLANG_WARN_CONSTANT_CONVERSION = YES;
				CLANG_WARN_DEPRECATED_OBJC_IMPLEMENTATIONS = YES;
				CLANG_WARN_DIRECT_OBJC_ISA_USAGE = YES_ERROR;
				CLANG_WARN_DOCUMENTATION_COMMENTS = YES;
				CLANG_WARN_EMPTY_BODY = YES;
				CLANG_WARN_ENUM_CONVERSION = YES;
				CLANG_WARN_INFINITE_RECURSION = YES;
				CLANG_WARN_INT_CONVERSION = YES;
				CLANG_WARN_NON_LITERAL_NULL_CONVERSION = YES;
				CLANG_WARN_OBJC_IMPLICIT_RETAIN_SELF = YES;
				CLANG_WARN_OBJC_LITERAL_CONVERSION = YES;
				CLANG_WARN_OBJC_ROOT_CLASS = YES_ERROR;
				CLANG_WARN_QUOTED_INCLUDE_IN_FRAMEWORK_HEADER = YES;
				CLANG_WARN_RANGE_LOOP_ANALYSIS = YES;
				CLANG_WARN_STRICT_PROTOTYPES = YES;
				CLANG_WARN_SUSPICIOUS_MOVE = YES;
				CLANG_WARN_UNGUARDED_AVAILABILITY = YES_AGGRESSIVE;
				CLANG_WARN_UNREACHABLE_CODE = YES;
				CLANG_WARN__DUPLICATE_METHOD_MATCH = YES;
				COPY_PHASE_STRIP = NO;
				DEBUG_INFORMATION_FORMAT = "dwarf-with-dsym";
				ENABLE_NS_ASSERTIONS = NO;
				ENABLE_STRICT_OBJC_MSGSEND = YES;
				GCC_C_LANGUAGE_STANDARD = gnu11;
				GCC_NO_COMMON_BLOCKS = YES;
				GCC_WARN_64_TO_32_BIT_CONVERSION = YES;
				GCC_WARN_ABOUT_RETURN_TYPE = YES_ERROR;
				GCC_WARN_UNDECLARED_SELECTOR = YES;
				GCC_WARN_UNINITIALIZED_AUTOS = YES_AGGRESSIVE;
				GCC_WARN_UNUSED_FUNCTION = YES;
				GCC_WARN_UNUSED_VARIABLE = YES;
				IPHONEOS_DEPLOYMENT_TARGET = 14.5;
				MTL_ENABLE_DEBUG_INFO = NO;
				MTL_FAST_MATH = YES;
				SDKROOT = iphoneos;
				SWIFT_COMPILATION_MODE = wholemodule;
				SWIFT_OPTIMIZATION_LEVEL = "-O";
				VALIDATE_PRODUCT = YES;
			};
			name = Release;
		};
		7A4CCD7C26A9830A00D6331C /* Debug */ = {
			isa = XCBuildConfiguration;
			buildSettings = {
				ASSETCATALOG_COMPILER_APPICON_NAME = AppIcon;
				ASSETCATALOG_COMPILER_GLOBAL_ACCENT_COLOR_NAME = AccentColor;
				CODE_SIGN_STYLE = Automatic;
				INFOPLIST_FILE = FoodKitchen/Info.plist;
				LD_RUNPATH_SEARCH_PATHS = (
					"$(inherited)",
					"@executable_path/Frameworks",
				);
				PRODUCT_BUNDLE_IDENTIFIER = com.muhamadirsyad.FoodKitchen;
				PRODUCT_NAME = "$(TARGET_NAME)";
				SWIFT_VERSION = 5.0;
				TARGETED_DEVICE_FAMILY = "1,2";
			};
			name = Debug;
		};
		7A4CCD7D26A9830A00D6331C /* Release */ = {
			isa = XCBuildConfiguration;
			buildSettings = {
				ASSETCATALOG_COMPILER_APPICON_NAME = AppIcon;
				ASSETCATALOG_COMPILER_GLOBAL_ACCENT_COLOR_NAME = AccentColor;
				CODE_SIGN_STYLE = Automatic;
				INFOPLIST_FILE = FoodKitchen/Info.plist;
				LD_RUNPATH_SEARCH_PATHS = (
					"$(inherited)",
					"@executable_path/Frameworks",
				);
				PRODUCT_BUNDLE_IDENTIFIER = com.muhamadirsyad.FoodKitchen;
				PRODUCT_NAME = "$(TARGET_NAME)";
				SWIFT_VERSION = 5.0;
				TARGETED_DEVICE_FAMILY = "1,2";
			};
			name = Release;
		};
		7A4CCD7F26A9830A00D6331C /* Debug */ = {
			isa = XCBuildConfiguration;
			buildSettings = {
				ALWAYS_EMBED_SWIFT_STANDARD_LIBRARIES = YES;
				BUNDLE_LOADER = "$(TEST_HOST)";
				CODE_SIGN_STYLE = Automatic;
				INFOPLIST_FILE = FoodKitchenTests/Info.plist;
				IPHONEOS_DEPLOYMENT_TARGET = 14.5;
				LD_RUNPATH_SEARCH_PATHS = (
					"$(inherited)",
					"@executable_path/Frameworks",
					"@loader_path/Frameworks",
				);
				PRODUCT_BUNDLE_IDENTIFIER = com.muhamadirsyad.FoodKitchenTests;
				PRODUCT_NAME = "$(TARGET_NAME)";
				SWIFT_VERSION = 5.0;
				TARGETED_DEVICE_FAMILY = "1,2";
				TEST_HOST = "$(BUILT_PRODUCTS_DIR)/FoodKitchen.app/FoodKitchen";
			};
			name = Debug;
		};
		7A4CCD8026A9830A00D6331C /* Release */ = {
			isa = XCBuildConfiguration;
			buildSettings = {
				ALWAYS_EMBED_SWIFT_STANDARD_LIBRARIES = YES;
				BUNDLE_LOADER = "$(TEST_HOST)";
				CODE_SIGN_STYLE = Automatic;
				INFOPLIST_FILE = FoodKitchenTests/Info.plist;
				IPHONEOS_DEPLOYMENT_TARGET = 14.5;
				LD_RUNPATH_SEARCH_PATHS = (
					"$(inherited)",
					"@executable_path/Frameworks",
					"@loader_path/Frameworks",
				);
				PRODUCT_BUNDLE_IDENTIFIER = com.muhamadirsyad.FoodKitchenTests;
				PRODUCT_NAME = "$(TARGET_NAME)";
				SWIFT_VERSION = 5.0;
				TARGETED_DEVICE_FAMILY = "1,2";
				TEST_HOST = "$(BUILT_PRODUCTS_DIR)/FoodKitchen.app/FoodKitchen";
			};
			name = Release;
		};
		7A4CCD8226A9830A00D6331C /* Debug */ = {
			isa = XCBuildConfiguration;
			buildSettings = {
				ALWAYS_EMBED_SWIFT_STANDARD_LIBRARIES = YES;
				CODE_SIGN_STYLE = Automatic;
				INFOPLIST_FILE = FoodKitchenUITests/Info.plist;
				LD_RUNPATH_SEARCH_PATHS = (
					"$(inherited)",
					"@executable_path/Frameworks",
					"@loader_path/Frameworks",
				);
				PRODUCT_BUNDLE_IDENTIFIER = com.muhamadirsyad.FoodKitchenUITests;
				PRODUCT_NAME = "$(TARGET_NAME)";
				SWIFT_VERSION = 5.0;
				TARGETED_DEVICE_FAMILY = "1,2";
				TEST_TARGET_NAME = FoodKitchen;
			};
			name = Debug;
		};
		7A4CCD8326A9830A00D6331C /* Release */ = {
			isa = XCBuildConfiguration;
			buildSettings = {
				ALWAYS_EMBED_SWIFT_STANDARD_LIBRARIES = YES;
				CODE_SIGN_STYLE = Automatic;
				INFOPLIST_FILE = FoodKitchenUITests/Info.plist;
				LD_RUNPATH_SEARCH_PATHS = (
					"$(inherited)",
					"@executable_path/Frameworks",
					"@loader_path/Frameworks",
				);
				PRODUCT_BUNDLE_IDENTIFIER = com.muhamadirsyad.FoodKitchenUITests;
				PRODUCT_NAME = "$(TARGET_NAME)";
				SWIFT_VERSION = 5.0;
				TARGETED_DEVICE_FAMILY = "1,2";
				TEST_TARGET_NAME = FoodKitchen;
			};
			name = Release;
		};
/* End XCBuildConfiguration section */

/* Begin XCConfigurationList section */
		7A4CCD4C26A9830800D6331C /* Build configuration list for PBXProject "FoodKitchen" */ = {
			isa = XCConfigurationList;
			buildConfigurations = (
				7A4CCD7926A9830A00D6331C /* Debug */,
				7A4CCD7A26A9830A00D6331C /* Release */,
			);
			defaultConfigurationIsVisible = 0;
			defaultConfigurationName = Release;
		};
		7A4CCD7B26A9830A00D6331C /* Build configuration list for PBXNativeTarget "FoodKitchen" */ = {
			isa = XCConfigurationList;
			buildConfigurations = (
				7A4CCD7C26A9830A00D6331C /* Debug */,
				7A4CCD7D26A9830A00D6331C /* Release */,
			);
			defaultConfigurationIsVisible = 0;
			defaultConfigurationName = Release;
		};
		7A4CCD7E26A9830A00D6331C /* Build configuration list for PBXNativeTarget "FoodKitchenTests" */ = {
			isa = XCConfigurationList;
			buildConfigurations = (
				7A4CCD7F26A9830A00D6331C /* Debug */,
				7A4CCD8026A9830A00D6331C /* Release */,
			);
			defaultConfigurationIsVisible = 0;
			defaultConfigurationName = Release;
		};
		7A4CCD8126A9830A00D6331C /* Build configuration list for PBXNativeTarget "FoodKitchenUITests" */ = {
			isa = XCConfigurationList;
			buildConfigurations = (
				7A4CCD8226A9830A00D6331C /* Debug */,
				7A4CCD8326A9830A00D6331C /* Release */,
			);
			defaultConfigurationIsVisible = 0;
			defaultConfigurationName = Release;
		};
/* End XCConfigurationList section */
	};
	rootObject = 7A4CCD4926A9830800D6331C /* Project object */;
}
